// !$*UTF8*$!
{
	archiveVersion = 1;
	classes = {
	};
	objectVersion = 50;
	objects = {

/* Begin PBXBuildFile section */
		917ACD43243F19A40097E0F7 /* AppDelegate.swift in Sources */ = {isa = PBXBuildFile; fileRef = 917ACD42243F19A40097E0F7 /* AppDelegate.swift */; };
		917ACD45243F19A40097E0F7 /* SceneDelegate.swift in Sources */ = {isa = PBXBuildFile; fileRef = 917ACD44243F19A40097E0F7 /* SceneDelegate.swift */; };
		917ACD47243F19A40097E0F7 /* TodoListViewController.swift in Sources */ = {isa = PBXBuildFile; fileRef = 917ACD46243F19A40097E0F7 /* TodoListViewController.swift */; };
		917ACD4A243F19A40097E0F7 /* Main.storyboard in Resources */ = {isa = PBXBuildFile; fileRef = 917ACD48243F19A40097E0F7 /* Main.storyboard */; };
		917ACD4C243F19A60097E0F7 /* Assets.xcassets in Resources */ = {isa = PBXBuildFile; fileRef = 917ACD4B243F19A60097E0F7 /* Assets.xcassets */; };
		917ACD4F243F19A60097E0F7 /* LaunchScreen.storyboard in Resources */ = {isa = PBXBuildFile; fileRef = 917ACD4D243F19A60097E0F7 /* LaunchScreen.storyboard */; };
		917ACD5E2440575B0097E0F7 /* Todopp.xcdatamodeld in Sources */ = {isa = PBXBuildFile; fileRef = 917ACD5C2440575B0097E0F7 /* Todopp.xcdatamodeld */; };
		917ACD602440A7440097E0F7 /* CategoryViewController.swift in Sources */ = {isa = PBXBuildFile; fileRef = 917ACD5F2440A7440097E0F7 /* CategoryViewController.swift */; };
/* End PBXBuildFile section */

/* Begin PBXFileReference section */
		917ACD3F243F19A40097E0F7 /* Todopp.app */ = {isa = PBXFileReference; explicitFileType = wrapper.application; includeInIndex = 0; path = Todopp.app; sourceTree = BUILT_PRODUCTS_DIR; };
		917ACD42243F19A40097E0F7 /* AppDelegate.swift */ = {isa = PBXFileReference; lastKnownFileType = sourcecode.swift; path = AppDelegate.swift; sourceTree = "<group>"; };
		917ACD44243F19A40097E0F7 /* SceneDelegate.swift */ = {isa = PBXFileReference; lastKnownFileType = sourcecode.swift; path = SceneDelegate.swift; sourceTree = "<group>"; };
		917ACD46243F19A40097E0F7 /* TodoListViewController.swift */ = {isa = PBXFileReference; lastKnownFileType = sourcecode.swift; path = TodoListViewController.swift; sourceTree = "<group>"; };
		917ACD49243F19A40097E0F7 /* Base */ = {isa = PBXFileReference; lastKnownFileType = file.storyboard; name = Base; path = Base.lproj/Main.storyboard; sourceTree = "<group>"; };
		917ACD4B243F19A60097E0F7 /* Assets.xcassets */ = {isa = PBXFileReference; lastKnownFileType = folder.assetcatalog; path = Assets.xcassets; sourceTree = "<group>"; };
		917ACD4E243F19A60097E0F7 /* Base */ = {isa = PBXFileReference; lastKnownFileType = file.storyboard; name = Base; path = Base.lproj/LaunchScreen.storyboard; sourceTree = "<group>"; };
		917ACD50243F19A60097E0F7 /* Info.plist */ = {isa = PBXFileReference; lastKnownFileType = text.plist.xml; path = Info.plist; sourceTree = "<group>"; };
		917ACD5D2440575B0097E0F7 /* Todopp.xcdatamodel */ = {isa = PBXFileReference; lastKnownFileType = wrapper.xcdatamodel; path = Todopp.xcdatamodel; sourceTree = "<group>"; };
		917ACD5F2440A7440097E0F7 /* CategoryViewController.swift */ = {isa = PBXFileReference; lastKnownFileType = sourcecode.swift; path = CategoryViewController.swift; sourceTree = "<group>"; };
/* End PBXFileReference section */

/* Begin PBXFrameworksBuildPhase section */
		917ACD3C243F19A40097E0F7 /* Frameworks */ = {
			isa = PBXFrameworksBuildPhase;
			buildActionMask = 2147483647;
			files = (
			);
			runOnlyForDeploymentPostprocessing = 0;
		};
/* End PBXFrameworksBuildPhase section */

/* Begin PBXGroup section */
		917ACD36243F19A40097E0F7 = {
			isa = PBXGroup;
			children = (
				917ACD41243F19A40097E0F7 /* Todopp */,
				917ACD40243F19A40097E0F7 /* Products */,
			);
			sourceTree = "<group>";
		};
		917ACD40243F19A40097E0F7 /* Products */ = {
			isa = PBXGroup;
			children = (
				917ACD3F243F19A40097E0F7 /* Todopp.app */,
			);
			name = Products;
			sourceTree = "<group>";
		};
		917ACD41243F19A40097E0F7 /* Todopp */ = {
			isa = PBXGroup;
			children = (
				917ACD42243F19A40097E0F7 /* AppDelegate.swift */,
				917ACD44243F19A40097E0F7 /* SceneDelegate.swift */,
				917ACD56243F5DC70097E0F7 /* Models */,
				917ACD5A243F62D70097E0F7 /* Views */,
				917ACD59243F62C80097E0F7 /* Controllers */,
				917ACD5B243F62E70097E0F7 /* Supporting Files */,
				917ACD50243F19A60097E0F7 /* Info.plist */,
			);
			path = Todopp;
			sourceTree = "<group>";
		};
		917ACD56243F5DC70097E0F7 /* Models */ = {
			isa = PBXGroup;
			children = (
				917ACD5C2440575B0097E0F7 /* Todopp.xcdatamodeld */,
			);
			path = Models;
			sourceTree = "<group>";
		};
		917ACD59243F62C80097E0F7 /* Controllers */ = {
			isa = PBXGroup;
			children = (
				917ACD5F2440A7440097E0F7 /* CategoryViewController.swift */,
				917ACD46243F19A40097E0F7 /* TodoListViewController.swift */,
			);
			path = Controllers;
			sourceTree = "<group>";
		};
		917ACD5A243F62D70097E0F7 /* Views */ = {
			isa = PBXGroup;
			children = (
				917ACD48243F19A40097E0F7 /* Main.storyboard */,
			);
			path = Views;
			sourceTree = "<group>";
		};
		917ACD5B243F62E70097E0F7 /* Supporting Files */ = {
			isa = PBXGroup;
			children = (
				917ACD4B243F19A60097E0F7 /* Assets.xcassets */,
				917ACD4D243F19A60097E0F7 /* LaunchScreen.storyboard */,
			);
			path = "Supporting Files";
			sourceTree = "<group>";
		};
/* End PBXGroup section */

/* Begin PBXNativeTarget section */
		917ACD3E243F19A40097E0F7 /* Todopp */ = {
			isa = PBXNativeTarget;
			buildConfigurationList = 917ACD53243F19A60097E0F7 /* Build configuration list for PBXNativeTarget "Todopp" */;
			buildPhases = (
				917ACD3B243F19A40097E0F7 /* Sources */,
				917ACD3C243F19A40097E0F7 /* Frameworks */,
				917ACD3D243F19A40097E0F7 /* Resources */,
			);
			buildRules = (
			);
			dependencies = (
			);
			name = Todopp;
			productName = Todopp;
			productReference = 917ACD3F243F19A40097E0F7 /* Todopp.app */;
			productType = "com.apple.product-type.application";
		};
/* End PBXNativeTarget section */

/* Begin PBXProject section */
		917ACD37243F19A40097E0F7 /* Project object */ = {
			isa = PBXProject;
			attributes = {
				LastSwiftUpdateCheck = 1130;
				LastUpgradeCheck = 1130;
				ORGANIZATIONNAME = "Mehmet Eroğlu";
				TargetAttributes = {
					917ACD3E243F19A40097E0F7 = {
						CreatedOnToolsVersion = 11.3.1;
					};
				};
			};
			buildConfigurationList = 917ACD3A243F19A40097E0F7 /* Build configuration list for PBXProject "Todopp" */;
			compatibilityVersion = "Xcode 9.3";
			developmentRegion = en;
			hasScannedForEncodings = 0;
			knownRegions = (
				en,
				Base,
			);
			mainGroup = 917ACD36243F19A40097E0F7;
			productRefGroup = 917ACD40243F19A40097E0F7 /* Products */;
			projectDirPath = "";
			projectRoot = "";
			targets = (
				917ACD3E243F19A40097E0F7 /* Todopp */,
			);
		};
/* End PBXProject section */

/* Begin PBXResourcesBuildPhase section */
		917ACD3D243F19A40097E0F7 /* Resources */ = {
			isa = PBXResourcesBuildPhase;
			buildActionMask = 2147483647;
			files = (
				917ACD4F243F19A60097E0F7 /* LaunchScreen.storyboard in Resources */,
				917ACD4C243F19A60097E0F7 /* Assets.xcassets in Resources */,
				917ACD4A243F19A40097E0F7 /* Main.storyboard in Resources */,
			);
			runOnlyForDeploymentPostprocessing = 0;
		};
/* End PBXResourcesBuildPhase section */

/* Begin PBXSourcesBuildPhase section */
		917ACD3B243F19A40097E0F7 /* Sources */ = {
			isa = PBXSourcesBuildPhase;
			buildActionMask = 2147483647;
			files = (
				917ACD602440A7440097E0F7 /* CategoryViewController.swift in Sources */,
				917ACD47243F19A40097E0F7 /* TodoListViewController.swift in Sources */,
				917ACD43243F19A40097E0F7 /* AppDelegate.swift in Sources */,
				917ACD5E2440575B0097E0F7 /* Todopp.xcdatamodeld in Sources */,
				917ACD45243F19A40097E0F7 /* SceneDelegate.swift in Sources */,
			);
			runOnlyForDeploymentPostprocessing = 0;
		};
/* End PBXSourcesBuildPhase section */

/* Begin PBXVariantGroup section */
		917ACD48243F19A40097E0F7 /* Main.storyboard */ = {
			isa = PBXVariantGroup;
			children = (
				917ACD49243F19A40097E0F7 /* Base */,
			);
			name = Main.storyboard;
			sourceTree = "<group>";
		};
		917ACD4D243F19A60097E0F7 /* LaunchScreen.storyboard */ = {
			isa = PBXVariantGroup;
			children = (
				917ACD4E243F19A60097E0F7 /* Base */,
			);
			name = LaunchScreen.storyboard;
			sourceTree = "<group>";
		};
/* End PBXVariantGroup section */

/* Begin XCBuildConfiguration section */
		917ACD51243F19A60097E0F7 /* Debug */ = {
			isa = XCBuildConfiguration;
			buildSettings = {
				ALWAYS_SEARCH_USER_PATHS = NO;
				CLANG_ANALYZER_NONNULL = YES;
				CLANG_ANALYZER_NUMBER_OBJECT_CONVERSION = YES_AGGRESSIVE;
				CLANG_CXX_LANGUAGE_STANDARD = "gnu++14";
				CLANG_CXX_LIBRARY = "libc++";
				CLANG_ENABLE_MODULES = YES;
				CLANG_ENABLE_OBJC_ARC = YES;
				CLANG_ENABLE_OBJC_WEAK = YES;
				CLANG_WARN_BLOCK_CAPTURE_AUTORELEASING = YES;
				CLANG_WARN_BOOL_CONVERSION = YES;
				CLANG_WARN_COMMA = YES;
				CLANG_WARN_CONSTANT_CONVERSION = YES;
				CLANG_WARN_DEPRECATED_OBJC_IMPLEMENTATIONS = YES;
				CLANG_WARN_DIRECT_OBJC_ISA_USAGE = YES_ERROR;
				CLANG_WARN_DOCUMENTATION_COMMENTS = YES;
				CLANG_WARN_EMPTY_BODY = YES;
				CLANG_WARN_ENUM_CONVERSION = YES;
				CLANG_WARN_INFINITE_RECURSION = YES;
				CLANG_WARN_INT_CONVERSION = YES;
				CLANG_WARN_NON_LITERAL_NULL_CONVERSION = YES;
				CLANG_WARN_OBJC_IMPLICIT_RETAIN_SELF = YES;
				CLANG_WARN_OBJC_LITERAL_CONVERSION = YES;
				CLANG_WARN_OBJC_ROOT_CLASS = YES_ERROR;
				CLANG_WARN_RANGE_LOOP_ANALYSIS = YES;
				CLANG_WARN_STRICT_PROTOTYPES = YES;
				CLANG_WARN_SUSPICIOUS_MOVE = YES;
				CLANG_WARN_UNGUARDED_AVAILABILITY = YES_AGGRESSIVE;
				CLANG_WARN_UNREACHABLE_CODE = YES;
				CLANG_WARN__DUPLICATE_METHOD_MATCH = YES;
				COPY_PHASE_STRIP = NO;
				DEBUG_INFORMATION_FORMAT = dwarf;
				ENABLE_STRICT_OBJC_MSGSEND = YES;
				ENABLE_TESTABILITY = YES;
				GCC_C_LANGUAGE_STANDARD = gnu11;
				GCC_DYNAMIC_NO_PIC = NO;
				GCC_NO_COMMON_BLOCKS = YES;
				GCC_OPTIMIZATION_LEVEL = 0;
				GCC_PREPROCESSOR_DEFINITIONS = (
					"DEBUG=1",
					"$(inherited)",
				);
				GCC_WARN_64_TO_32_BIT_CONVERSION = YES;
				GCC_WARN_ABOUT_RETURN_TYPE = YES_ERROR;
				GCC_WARN_UNDECLARED_SELECTOR = YES;
				GCC_WARN_UNINITIALIZED_AUTOS = YES_AGGRESSIVE;
				GCC_WARN_UNUSED_FUNCTION = YES;
				GCC_WARN_UNUSED_VARIABLE = YES;
				IPHONEOS_DEPLOYMENT_TARGET = 13.2;
				MTL_ENABLE_DEBUG_INFO = INCLUDE_SOURCE;
				MTL_FAST_MATH = YES;
				ONLY_ACTIVE_ARCH = YES;
				SDKROOT = iphoneos;
				SWIFT_ACTIVE_COMPILATION_CONDITIONS = DEBUG;
				SWIFT_OPTIMIZATION_LEVEL = "-Onone";
			};
			name = Debug;
		};
		917ACD52243F19A60097E0F7 /* Release */ = {
			isa = XCBuildConfiguration;
			buildSettings = {
				ALWAYS_SEARCH_USER_PATHS = NO;
				CLANG_ANALYZER_NONNULL = YES;
				CLANG_ANALYZER_NUMBER_OBJECT_CONVERSION = YES_AGGRESSIVE;
				CLANG_CXX_LANGUAGE_STANDARD = "gnu++14";
				CLANG_CXX_LIBRARY = "libc++";
				CLANG_ENABLE_MODULES = YES;
				CLANG_ENABLE_OBJC_ARC = YES;
				CLANG_ENABLE_OBJC_WEAK = YES;
				CLANG_WARN_BLOCK_CAPTURE_AUTORELEASING = YES;
				CLANG_WARN_BOOL_CONVERSION = YES;
				CLANG_WARN_COMMA = YES;
				CLANG_WARN_CONSTANT_CONVERSION = YES;
				CLANG_WARN_DEPRECATED_OBJC_IMPLEMENTATIONS = YES;
				CLANG_WARN_DIRECT_OBJC_ISA_USAGE = YES_ERROR;
				CLANG_WARN_DOCUMENTATION_COMMENTS = YES;
				CLANG_WARN_EMPTY_BODY = YES;
				CLANG_WARN_ENUM_CONVERSION = YES;
				CLANG_WARN_INFINITE_RECURSION = YES;
				CLANG_WARN_INT_CONVERSION = YES;
				CLANG_WARN_NON_LITERAL_NULL_CONVERSION = YES;
				CLANG_WARN_OBJC_IMPLICIT_RETAIN_SELF = YES;
				CLANG_WARN_OBJC_LITERAL_CONVERSION = YES;
				CLANG_WARN_OBJC_ROOT_CLASS = YES_ERROR;
				CLANG_WARN_RANGE_LOOP_ANALYSIS = YES;
				CLANG_WARN_STRICT_PROTOTYPES = YES;
				CLANG_WARN_SUSPICIOUS_MOVE = YES;
				CLANG_WARN_UNGUARDED_AVAILABILITY = YES_AGGRESSIVE;
				CLANG_WARN_UNREACHABLE_CODE = YES;
				CLANG_WARN__DUPLICATE_METHOD_MATCH = YES;
				COPY_PHASE_STRIP = NO;
				DEBUG_INFORMATION_FORMAT = "dwarf-with-dsym";
				ENABLE_NS_ASSERTIONS = NO;
				ENABLE_STRICT_OBJC_MSGSEND = YES;
				GCC_C_LANGUAGE_STANDARD = gnu11;
				GCC_NO_COMMON_BLOCKS = YES;
				GCC_WARN_64_TO_32_BIT_CONVERSION = YES;
				GCC_WARN_ABOUT_RETURN_TYPE = YES_ERROR;
				GCC_WARN_UNDECLARED_SELECTOR = YES;
				GCC_WARN_UNINITIALIZED_AUTOS = YES_AGGRESSIVE;
				GCC_WARN_UNUSED_FUNCTION = YES;
				GCC_WARN_UNUSED_VARIABLE = YES;
				IPHONEOS_DEPLOYMENT_TARGET = 13.2;
				MTL_ENABLE_DEBUG_INFO = NO;
				MTL_FAST_MATH = YES;
				SDKROOT = iphoneos;
				SWIFT_COMPILATION_MODE = wholemodule;
				SWIFT_OPTIMIZATION_LEVEL = "-O";
				VALIDATE_PRODUCT = YES;
			};
			name = Release;
		};
		917ACD54243F19A60097E0F7 /* Debug */ = {
			isa = XCBuildConfiguration;
			buildSettings = {
				ASSETCATALOG_COMPILER_APPICON_NAME = AppIcon;
				CODE_SIGN_STYLE = Automatic;
				DEVELOPMENT_TEAM = 4PWC9KX3UT;
				INFOPLIST_FILE = Todopp/Info.plist;
				LD_RUNPATH_SEARCH_PATHS = (
					"$(inherited)",
					"@executable_path/Frameworks",
				);
				PRODUCT_BUNDLE_IDENTIFIER = com.Meroglu.Todopp;
				PRODUCT_NAME = "$(TARGET_NAME)";
				SWIFT_VERSION = 5.0;
				TARGETED_DEVICE_FAMILY = "1,2";
			};
			name = Debug;
		};
		917ACD55243F19A60097E0F7 /* Release */ = {
			isa = XCBuildConfiguration;
			buildSettings = {
				ASSETCATALOG_COMPILER_APPICON_NAME = AppIcon;
				CODE_SIGN_STYLE = Automatic;
				DEVELOPMENT_TEAM = 4PWC9KX3UT;
				INFOPLIST_FILE = Todopp/Info.plist;
				LD_RUNPATH_SEARCH_PATHS = (
					"$(inherited)",
					"@executable_path/Frameworks",
				);
				PRODUCT_BUNDLE_IDENTIFIER = com.Meroglu.Todopp;
				PRODUCT_NAME = "$(TARGET_NAME)";
				SWIFT_VERSION = 5.0;
				TARGETED_DEVICE_FAMILY = "1,2";
			};
			name = Release;
		};
/* End XCBuildConfiguration section */

/* Begin XCConfigurationList section */
		917ACD3A243F19A40097E0F7 /* Build configuration list for PBXProject "Todopp" */ = {
			isa = XCConfigurationList;
			buildConfigurations = (
				917ACD51243F19A60097E0F7 /* Debug */,
				917ACD52243F19A60097E0F7 /* Release */,
			);
			defaultConfigurationIsVisible = 0;
			defaultConfigurationName = Release;
		};
		917ACD53243F19A60097E0F7 /* Build configuration list for PBXNativeTarget "Todopp" */ = {
			isa = XCConfigurationList;
			buildConfigurations = (
				917ACD54243F19A60097E0F7 /* Debug */,
				917ACD55243F19A60097E0F7 /* Release */,
			);
			defaultConfigurationIsVisible = 0;
			defaultConfigurationName = Release;
		};
/* End XCConfigurationList section */

/* Begin XCVersionGroup section */
		917ACD5C2440575B0097E0F7 /* Todopp.xcdatamodeld */ = {
			isa = XCVersionGroup;
			children = (
				917ACD5D2440575B0097E0F7 /* Todopp.xcdatamodel */,
			);
			currentVersion = 917ACD5D2440575B0097E0F7 /* Todopp.xcdatamodel */;
			path = Todopp.xcdatamodeld;
			sourceTree = "<group>";
			versionGroupType = wrapper.xcdatamodel;
		};
/* End XCVersionGroup section */
	};
	rootObject = 917ACD37243F19A40097E0F7 /* Project object */;
}
